
Microsoft Visual Studio Solution File, Format Version 12.00
# Visual Studio Version 17
VisualStudioVersion = 17.9.34622.214
MinimumVisualStudioVersion = 10.0.40219.1
Project("{9A19103F-16F7-4668-BE54-9A1E7A4F7556}") = "WSRSession2Test2024", "WSRSession2Test2024\WSRSession2Test2024.csproj", "{2764F7D9-9D65-46B6-8FB6-03A810678E44}"
EndProject
Project("{FAE04EC0-301F-11D3-BF4B-00C04F79EFBC}") = "WSRSession2Test2024.WebAPI", "WSRSession2Test2024.WebAPI\WSRSession2Test2024.WebAPI.csproj", "{2B489FF8-5007-4153-AE2F-A5CF8369F80C}"
EndProject
Project("{FAE04EC0-301F-11D3-BF4B-00C04F79EFBC}") = "WSRSession2Test2024.Framework", "WSRSession2Test2024.Framework\WSRSession2Test2024.Framework.csproj", "{C82F452D-4532-4F89-94C1-C87DFAFF2BC1}"
EndProject
Global
	GlobalSection(SolutionConfigurationPlatforms) = preSolution
		Debug|Any CPU = Debug|Any CPU
		Release|Any CPU = Release|Any CPU
	EndGlobalSection
	GlobalSection(ProjectConfigurationPlatforms) = postSolution
		{2764F7D9-9D65-46B6-8FB6-03A810678E44}.Debug|Any CPU.ActiveCfg = Debug|Any CPU
		{2764F7D9-9D65-46B6-8FB6-03A810678E44}.Debug|Any CPU.Build.0 = Debug|Any CPU
		{2764F7D9-9D65-46B6-8FB6-03A810678E44}.Release|Any CPU.ActiveCfg = Release|Any CPU
		{2764F7D9-9D65-46B6-8FB6-03A810678E44}.Release|Any CPU.Build.0 = Release|Any CPU
		{2B489FF8-5007-4153-AE2F-A5CF8369F80C}.Debug|Any CPU.ActiveCfg = Debug|Any CPU
		{2B489FF8-5007-4153-AE2F-A5CF8369F80C}.Debug|Any CPU.Build.0 = Debug|Any CPU
		{2B489FF8-5007-4153-AE2F-A5CF8369F80C}.Release|Any CPU.ActiveCfg = Release|Any CPU
		{2B489FF8-5007-4153-AE2F-A5CF8369F80C}.Release|Any CPU.Build.0 = Release|Any CPU
		{C82F452D-4532-4F89-94C1-C87DFAFF2BC1}.Debug|Any CPU.ActiveCfg = Debug|Any CPU
		{C82F452D-4532-4F89-94C1-C87DFAFF2BC1}.Debug|Any CPU.Build.0 = Debug|Any CPU
		{C82F452D-4532-4F89-94C1-C87DFAFF2BC1}.Release|Any CPU.ActiveCfg = Release|Any CPU
		{C82F452D-4532-4F89-94C1-C87DFAFF2BC1}.Release|Any CPU.Build.0 = Release|Any CPU
	EndGlobalSection
	GlobalSection(SolutionProperties) = preSolution
		HideSolutionNode = FALSE
	EndGlobalSection
	GlobalSection(ExtensibilityGlobals) = postSolution
		SolutionGuid = {FCFBF50F-5825-4E75-A453-C158AFAC2F4F}
	EndGlobalSection
EndGlobal
