
Microsoft Visual Studio Solution File, Format Version 12.00
# Visual Studio Version 17
VisualStudioVersion = 17.7.34221.43
MinimumVisualStudioVersion = 10.0.40219.1
Project("{FAE04EC0-301F-11D3-BF4B-00C04F79EFBC}") = "directionPacientToEvent", "directionPacientToEvent\directionPacientToEvent.csproj", "{8C5340EF-75E5-44BC-9E45-264767F4345A}"
EndProject
Global
	GlobalSection(SolutionConfigurationPlatforms) = preSolution
		Debug|Any CPU = Debug|Any CPU
		Release|Any CPU = Release|Any CPU
	EndGlobalSection
	GlobalSection(ProjectConfigurationPlatforms) = postSolution
		{8C5340EF-75E5-44BC-9E45-264767F4345A}.Debug|Any CPU.ActiveCfg = Debug|Any CPU
		{8C5340EF-75E5-44BC-9E45-264767F4345A}.Debug|Any CPU.Build.0 = Debug|Any CPU
		{8C5340EF-75E5-44BC-9E45-264767F4345A}.Release|Any CPU.ActiveCfg = Release|Any CPU
		{8C5340EF-75E5-44BC-9E45-264767F4345A}.Release|Any CPU.Build.0 = Release|Any CPU
	EndGlobalSection
	GlobalSection(SolutionProperties) = preSolution
		HideSolutionNode = FALSE
	EndGlobalSection
	GlobalSection(ExtensibilityGlobals) = postSolution
		SolutionGuid = {0E90ECB3-9318-4D05-B0BD-C4015B29489A}
	EndGlobalSection
EndGlobal
